
Microsoft Visual Studio Solution File, Format Version 12.00
# Visual Studio 15
Project("{FAE04EC0-301F-11D3-BF4B-00C04F79EFBC}") = "Waterstone", "Assembly-CSharp.csproj", "{9B0B236A-2667-4623-1D19-D7D02BE7BD01}"
EndProject
Project("{FAE04EC0-301F-11D3-BF4B-00C04F79EFBC}") = "Waterstone", "Assembly-CSharp-Editor.csproj", "{AB5B57E2-7785-A5C4-74A8-75A94C30E8DF}"
EndProject
Global
	GlobalSection(SolutionConfigurationPlatforms) = preSolution
		Debug|Any CPU = Debug|Any CPU
		Release|Any CPU = Release|Any CPU
	EndGlobalSection
	GlobalSection(ProjectConfigurationPlatforms) = postSolution
		{9B0B236A-2667-4623-1D19-D7D02BE7BD01}.Debug|Any CPU.ActiveCfg = Debug|Any CPU
		{9B0B236A-2667-4623-1D19-D7D02BE7BD01}.Debug|Any CPU.Build.0 = Debug|Any CPU
		{9B0B236A-2667-4623-1D19-D7D02BE7BD01}.Release|Any CPU.ActiveCfg = Release|Any CPU
		{9B0B236A-2667-4623-1D19-D7D02BE7BD01}.Release|Any CPU.Build.0 = Release|Any CPU
		{AB5B57E2-7785-A5C4-74A8-75A94C30E8DF}.Debug|Any CPU.ActiveCfg = Debug|Any CPU
		{AB5B57E2-7785-A5C4-74A8-75A94C30E8DF}.Debug|Any CPU.Build.0 = Debug|Any CPU
		{AB5B57E2-7785-A5C4-74A8-75A94C30E8DF}.Release|Any CPU.ActiveCfg = Release|Any CPU
		{AB5B57E2-7785-A5C4-74A8-75A94C30E8DF}.Release|Any CPU.Build.0 = Release|Any CPU
	EndGlobalSection
	GlobalSection(SolutionProperties) = preSolution
		HideSolutionNode = FALSE
	EndGlobalSection
EndGlobal
